
Microsoft Visual Studio Solution File, Format Version 12.00
# Visual Studio Version 16
VisualStudioVersion = 16.0.31410.223
MinimumVisualStudioVersion = 10.0.40219.1
Project("{FAE04EC0-301F-11D3-BF4B-00C04F79EFBC}") = "DAL", "DAL\DAL.csproj", "{04EA443A-F3AB-428E-A746-7D118E94B819}"
EndProject
Project("{FAE04EC0-301F-11D3-BF4B-00C04F79EFBC}") = "BLL", "BLL\BLL.csproj", "{348E03C7-83AA-436F-87B1-5624B6DD4DAE}"
EndProject
Project("{FAE04EC0-301F-11D3-BF4B-00C04F79EFBC}") = "PL", "PL\PL.csproj", "{9E9EFB26-210F-4BE2-AAE2-7F512DA02AAE}"
EndProject
Project("{FAE04EC0-301F-11D3-BF4B-00C04F79EFBC}") = "ModuleTests", "ModuleTests\ModuleTests.csproj", "{64D3BA52-9249-435E-8CF2-C6E65725C1CC}"
EndProject
Global
	GlobalSection(SolutionConfigurationPlatforms) = preSolution
		Debug|Any CPU = Debug|Any CPU
		Release|Any CPU = Release|Any CPU
	EndGlobalSection
	GlobalSection(ProjectConfigurationPlatforms) = postSolution
		{04EA443A-F3AB-428E-A746-7D118E94B819}.Debug|Any CPU.ActiveCfg = Debug|Any CPU
		{04EA443A-F3AB-428E-A746-7D118E94B819}.Debug|Any CPU.Build.0 = Debug|Any CPU
		{04EA443A-F3AB-428E-A746-7D118E94B819}.Release|Any CPU.ActiveCfg = Release|Any CPU
		{04EA443A-F3AB-428E-A746-7D118E94B819}.Release|Any CPU.Build.0 = Release|Any CPU
		{348E03C7-83AA-436F-87B1-5624B6DD4DAE}.Debug|Any CPU.ActiveCfg = Debug|Any CPU
		{348E03C7-83AA-436F-87B1-5624B6DD4DAE}.Debug|Any CPU.Build.0 = Debug|Any CPU
		{348E03C7-83AA-436F-87B1-5624B6DD4DAE}.Release|Any CPU.ActiveCfg = Release|Any CPU
		{348E03C7-83AA-436F-87B1-5624B6DD4DAE}.Release|Any CPU.Build.0 = Release|Any CPU
		{9E9EFB26-210F-4BE2-AAE2-7F512DA02AAE}.Debug|Any CPU.ActiveCfg = Debug|Any CPU
		{9E9EFB26-210F-4BE2-AAE2-7F512DA02AAE}.Debug|Any CPU.Build.0 = Debug|Any CPU
		{9E9EFB26-210F-4BE2-AAE2-7F512DA02AAE}.Release|Any CPU.ActiveCfg = Release|Any CPU
		{9E9EFB26-210F-4BE2-AAE2-7F512DA02AAE}.Release|Any CPU.Build.0 = Release|Any CPU
		{64D3BA52-9249-435E-8CF2-C6E65725C1CC}.Debug|Any CPU.ActiveCfg = Debug|Any CPU
		{64D3BA52-9249-435E-8CF2-C6E65725C1CC}.Debug|Any CPU.Build.0 = Debug|Any CPU
		{64D3BA52-9249-435E-8CF2-C6E65725C1CC}.Release|Any CPU.ActiveCfg = Release|Any CPU
		{64D3BA52-9249-435E-8CF2-C6E65725C1CC}.Release|Any CPU.Build.0 = Release|Any CPU
	EndGlobalSection
	GlobalSection(SolutionProperties) = preSolution
		HideSolutionNode = FALSE
	EndGlobalSection
	GlobalSection(ExtensibilityGlobals) = postSolution
		SolutionGuid = {196AE442-F3FE-4635-82C6-F087E1535088}
	EndGlobalSection
EndGlobal
